
Microsoft Visual Studio Solution File, Format Version 12.00
# Visual Studio 2015
Project("{FAE04EC0-301F-11D3-BF4B-00C04F79EFBC}") = "GalaxyShip.CSharp", "GalaxyShip.CSharp.csproj", "{C6565CA2-7B64-7C0F-0F5E-D6FEE40BB75D}"
EndProject
Global
	GlobalSection(SolutionConfigurationPlatforms) = preSolution
		Debug|Any CPU = Debug|Any CPU
		Release|Any CPU = Release|Any CPU
	EndGlobalSection
	GlobalSection(ProjectConfigurationPlatforms) = postSolution
		{C6565CA2-7B64-7C0F-0F5E-D6FEE40BB75D}.Debug|Any CPU.ActiveCfg = Debug|Any CPU
		{C6565CA2-7B64-7C0F-0F5E-D6FEE40BB75D}.Debug|Any CPU.Build.0 = Debug|Any CPU
		{C6565CA2-7B64-7C0F-0F5E-D6FEE40BB75D}.Release|Any CPU.ActiveCfg = Release|Any CPU
		{C6565CA2-7B64-7C0F-0F5E-D6FEE40BB75D}.Release|Any CPU.Build.0 = Release|Any CPU
	EndGlobalSection
	GlobalSection(SolutionProperties) = preSolution
		HideSolutionNode = FALSE
	EndGlobalSection
EndGlobal
